
Microsoft Visual Studio Solution File, Format Version 12.00
# Visual Studio Version 17
VisualStudioVersion = 17.2.32630.192
MinimumVisualStudioVersion = 10.0.40219.1
Project("{9A19103F-16F7-4668-BE54-9A1E7A4F7556}") = "Server", "Server\Server.csproj", "{5373BBDB-80BE-47D5-BF33-F0B74ABEA2F4}"
EndProject
Project("{9A19103F-16F7-4668-BE54-9A1E7A4F7556}") = "Library", "Library\Library.csproj", "{F289E74D-D1B5-42CB-A0E6-FE04AF048871}"
EndProject
Project("{2150E333-8FDC-42A3-9474-1A3956D46DE8}") = "Clients", "Clients", "{B931D2FF-DD54-4069-8030-B2FA3F903E9B}"
EndProject
Project("{9A19103F-16F7-4668-BE54-9A1E7A4F7556}") = "Client.CLI", "Clients\Client.CLI\Client.CLI.csproj", "{8CF27707-ED93-447B-9BBA-66FB0D905E6B}"
EndProject
Project("{9A19103F-16F7-4668-BE54-9A1E7A4F7556}") = "Client.WPF", "Clients\Client.WPF\Client.WPF.csproj", "{9B5DEB2D-E681-4426-B290-0814519BF3F0}"
EndProject
Global
	GlobalSection(SolutionConfigurationPlatforms) = preSolution
		Debug|Any CPU = Debug|Any CPU
		Release|Any CPU = Release|Any CPU
	EndGlobalSection
	GlobalSection(ProjectConfigurationPlatforms) = postSolution
		{5373BBDB-80BE-47D5-BF33-F0B74ABEA2F4}.Debug|Any CPU.ActiveCfg = Debug|Any CPU
		{5373BBDB-80BE-47D5-BF33-F0B74ABEA2F4}.Debug|Any CPU.Build.0 = Debug|Any CPU
		{5373BBDB-80BE-47D5-BF33-F0B74ABEA2F4}.Release|Any CPU.ActiveCfg = Release|Any CPU
		{5373BBDB-80BE-47D5-BF33-F0B74ABEA2F4}.Release|Any CPU.Build.0 = Release|Any CPU
		{F289E74D-D1B5-42CB-A0E6-FE04AF048871}.Debug|Any CPU.ActiveCfg = Debug|Any CPU
		{F289E74D-D1B5-42CB-A0E6-FE04AF048871}.Debug|Any CPU.Build.0 = Debug|Any CPU
		{F289E74D-D1B5-42CB-A0E6-FE04AF048871}.Release|Any CPU.ActiveCfg = Release|Any CPU
		{F289E74D-D1B5-42CB-A0E6-FE04AF048871}.Release|Any CPU.Build.0 = Release|Any CPU
		{8CF27707-ED93-447B-9BBA-66FB0D905E6B}.Debug|Any CPU.ActiveCfg = Debug|Any CPU
		{8CF27707-ED93-447B-9BBA-66FB0D905E6B}.Debug|Any CPU.Build.0 = Debug|Any CPU
		{8CF27707-ED93-447B-9BBA-66FB0D905E6B}.Release|Any CPU.ActiveCfg = Release|Any CPU
		{8CF27707-ED93-447B-9BBA-66FB0D905E6B}.Release|Any CPU.Build.0 = Release|Any CPU
		{9B5DEB2D-E681-4426-B290-0814519BF3F0}.Debug|Any CPU.ActiveCfg = Debug|Any CPU
		{9B5DEB2D-E681-4426-B290-0814519BF3F0}.Debug|Any CPU.Build.0 = Debug|Any CPU
		{9B5DEB2D-E681-4426-B290-0814519BF3F0}.Release|Any CPU.ActiveCfg = Release|Any CPU
		{9B5DEB2D-E681-4426-B290-0814519BF3F0}.Release|Any CPU.Build.0 = Release|Any CPU
	EndGlobalSection
	GlobalSection(SolutionProperties) = preSolution
		HideSolutionNode = FALSE
	EndGlobalSection
	GlobalSection(NestedProjects) = preSolution
		{8CF27707-ED93-447B-9BBA-66FB0D905E6B} = {B931D2FF-DD54-4069-8030-B2FA3F903E9B}
		{9B5DEB2D-E681-4426-B290-0814519BF3F0} = {B931D2FF-DD54-4069-8030-B2FA3F903E9B}
	EndGlobalSection
	GlobalSection(ExtensibilityGlobals) = postSolution
		SolutionGuid = {EDFFED12-E5BF-4E0E-B508-C5DAD7F3E894}
	EndGlobalSection
EndGlobal
